Microsoft Visual Studio Solution File, Format Version 12.00
# Visual Studio Version 17
VisualStudioVersion = 17.9.34728.123
MinimumVisualStudioVersion = 16.0.0.0
Project("{9A19103F-16F7-4668-BE54-9A1E7A4F7556}") = "ContactManager.Server", "Server\ContactManager.Server.csproj", "{F2922249-3535-461A-B2BB-2034E65B6D6D}"
EndProject
Project("{9A19103F-16F7-4668-BE54-9A1E7A4F7556}") = "ContactManager.Client", "Client\ContactManager.Client.csproj", "{168A05FB-8E63-4A8B-B70A-CF483CC5A890}"
EndProject
Project("{9A19103F-16F7-4668-BE54-9A1E7A4F7556}") = "ContactManager.Shared", "Shared\ContactManager.Shared.csproj", "{5CC7B15A-F4E3-4E2B-B565-650F4C86E7BD}"
EndProject
Global
	GlobalSection(SolutionConfigurationPlatforms) = preSolution
		Debug|Any CPU = Debug|Any CPU
		Debug|x64 = Debug|x64
		Debug|x86 = Debug|x86
		Release|Any CPU = Release|Any CPU
		Release|x64 = Release|x64
		Release|x86 = Release|x86
	EndGlobalSection
	GlobalSection(ProjectConfigurationPlatforms) = postSolution
		{F2922249-3535-461A-B2BB-2034E65B6D6D}.Debug|Any CPU.ActiveCfg = Debug|Any CPU
		{F2922249-3535-461A-B2BB-2034E65B6D6D}.Debug|Any CPU.Build.0 = Debug|Any CPU
		{F2922249-3535-461A-B2BB-2034E65B6D6D}.Debug|x64.ActiveCfg = Debug|Any CPU
		{F2922249-3535-461A-B2BB-2034E65B6D6D}.Debug|x64.Build.0 = Debug|Any CPU
		{F2922249-3535-461A-B2BB-2034E65B6D6D}.Debug|x86.ActiveCfg = Debug|Any CPU
		{F2922249-3535-461A-B2BB-2034E65B6D6D}.Debug|x86.Build.0 = Debug|Any CPU
		{F2922249-3535-461A-B2BB-2034E65B6D6D}.Release|Any CPU.ActiveCfg = Release|Any CPU
		{F2922249-3535-461A-B2BB-2034E65B6D6D}.Release|Any CPU.Build.0 = Release|Any CPU
		{F2922249-3535-461A-B2BB-2034E65B6D6D}.Release|x64.ActiveCfg = Release|Any CPU
		{F2922249-3535-461A-B2BB-2034E65B6D6D}.Release|x64.Build.0 = Release|Any CPU
		{F2922249-3535-461A-B2BB-2034E65B6D6D}.Release|x86.ActiveCfg = Release|Any CPU
		{F2922249-3535-461A-B2BB-2034E65B6D6D}.Release|x86.Build.0 = Release|Any CPU
		{168A05FB-8E63-4A8B-B70A-CF483CC5A890}.Debug|Any CPU.ActiveCfg = Debug|Any CPU
		{168A05FB-8E63-4A8B-B70A-CF483CC5A890}.Debug|Any CPU.Build.0 = Debug|Any CPU
		{168A05FB-8E63-4A8B-B70A-CF483CC5A890}.Debug|x64.ActiveCfg = Debug|Any CPU
		{168A05FB-8E63-4A8B-B70A-CF483CC5A890}.Debug|x64.Build.0 = Debug|Any CPU
		{168A05FB-8E63-4A8B-B70A-CF483CC5A890}.Debug|x86.ActiveCfg = Debug|Any CPU
		{168A05FB-8E63-4A8B-B70A-CF483CC5A890}.Debug|x86.Build.0 = Debug|Any CPU
		{168A05FB-8E63-4A8B-B70A-CF483CC5A890}.Release|Any CPU.ActiveCfg = Release|Any CPU
		{168A05FB-8E63-4A8B-B70A-CF483CC5A890}.Release|Any CPU.Build.0 = Release|Any CPU
		{168A05FB-8E63-4A8B-B70A-CF483CC5A890}.Release|x64.ActiveCfg = Release|Any CPU
		{168A05FB-8E63-4A8B-B70A-CF483CC5A890}.Release|x64.Build.0 = Release|Any CPU
		{168A05FB-8E63-4A8B-B70A-CF483CC5A890}.Release|x86.ActiveCfg = Release|Any CPU
		{168A05FB-8E63-4A8B-B70A-CF483CC5A890}.Release|x86.Build.0 = Release|Any CPU
		{5CC7B15A-F4E3-4E2B-B565-650F4C86E7BD}.Debug|Any CPU.ActiveCfg = Debug|Any CPU
		{5CC7B15A-F4E3-4E2B-B565-650F4C86E7BD}.Debug|Any CPU.Build.0 = Debug|Any CPU
		{5CC7B15A-F4E3-4E2B-B565-650F4C86E7BD}.Debug|x64.ActiveCfg = Debug|Any CPU
		{5CC7B15A-F4E3-4E2B-B565-650F4C86E7BD}.Debug|x64.Build.0 = Debug|Any CPU
		{5CC7B15A-F4E3-4E2B-B565-650F4C86E7BD}.Debug|x86.ActiveCfg = Debug|Any CPU
		{5CC7B15A-F4E3-4E2B-B565-650F4C86E7BD}.Debug|x86.Build.0 = Debug|Any CPU
		{5CC7B15A-F4E3-4E2B-B565-650F4C86E7BD}.Release|Any CPU.ActiveCfg = Release|Any CPU
		{5CC7B15A-F4E3-4E2B-B565-650F4C86E7BD}.Release|Any CPU.Build.0 = Release|Any CPU
		{5CC7B15A-F4E3-4E2B-B565-650F4C86E7BD}.Release|x64.ActiveCfg = Release|Any CPU
		{5CC7B15A-F4E3-4E2B-B565-650F4C86E7BD}.Release|x64.Build.0 = Release|Any CPU
		{5CC7B15A-F4E3-4E2B-B565-650F4C86E7BD}.Release|x86.ActiveCfg = Release|Any CPU
		{5CC7B15A-F4E3-4E2B-B565-650F4C86E7BD}.Release|x86.Build.0 = Release|Any CPU
	EndGlobalSection
	GlobalSection(SolutionProperties) = preSolution
		HideSolutionNode = FALSE
	EndGlobalSection
	GlobalSection(ExtensibilityGlobals) = postSolution
		SolutionGuid = {1853F83F-1D50-40B1-8CAE-FF5FC8F16B8F}
	EndGlobalSection
EndGlobal
